// !$*UTF8*$!
{
	archiveVersion = 1;
	classes = {
	};
	objectVersion = 46;
	objects = {

/* Begin PBXBuildFile section */
		9D019F281F2AD7FF00D21EDB /* AppDelegate.swift in Sources */ = {isa = PBXBuildFile; fileRef = 9D019F271F2AD7FF00D21EDB /* AppDelegate.swift */; };
		9D019F2A1F2AD7FF00D21EDB /* ViewController.swift in Sources */ = {isa = PBXBuildFile; fileRef = 9D019F291F2AD7FF00D21EDB /* ViewController.swift */; };
		9D019F2D1F2AD7FF00D21EDB /* Main.storyboard in Resources */ = {isa = PBXBuildFile; fileRef = 9D019F2B1F2AD7FF00D21EDB /* Main.storyboard */; };
		9D019F2F1F2AD7FF00D21EDB /* Assets.xcassets in Resources */ = {isa = PBXBuildFile; fileRef = 9D019F2E1F2AD7FF00D21EDB /* Assets.xcassets */; };
		9D019F321F2AD7FF00D21EDB /* LaunchScreen.storyboard in Resources */ = {isa = PBXBuildFile; fileRef = 9D019F301F2AD7FF00D21EDB /* LaunchScreen.storyboard */; };
		9D019F3A1F2AD9A700D21EDB /* SecondViewController.swift in Sources */ = {isa = PBXBuildFile; fileRef = 9D019F391F2AD9A700D21EDB /* SecondViewController.swift */; };
		9D019F3C1F2ADF0200D21EDB /* README.md in Sources */ = {isa = PBXBuildFile; fileRef = 9D019F3B1F2ADF0200D21EDB /* README.md */; };
/* End PBXBuildFile section */

/* Begin PBXFileReference section */
		9D019F241F2AD7FF00D21EDB /* MultiScreen.app */ = {isa = PBXFileReference; explicitFileType = wrapper.application; includeInIndex = 0; path = MultiScreen.app; sourceTree = BUILT_PRODUCTS_DIR; };
		9D019F271F2AD7FF00D21EDB /* AppDelegate.swift */ = {isa = PBXFileReference; lastKnownFileType = sourcecode.swift; path = AppDelegate.swift; sourceTree = "<group>"; };
		9D019F291F2AD7FF00D21EDB /* ViewController.swift */ = {isa = PBXFileReference; lastKnownFileType = sourcecode.swift; path = ViewController.swift; sourceTree = "<group>"; };
		9D019F2C1F2AD7FF00D21EDB /* Base */ = {isa = PBXFileReference; lastKnownFileType = file.storyboard; name = Base; path = Base.lproj/Main.storyboard; sourceTree = "<group>"; };
		9D019F2E1F2AD7FF00D21EDB /* Assets.xcassets */ = {isa = PBXFileReference; lastKnownFileType = folder.assetcatalog; path = Assets.xcassets; sourceTree = "<group>"; };
		9D019F311F2AD7FF00D21EDB /* Base */ = {isa = PBXFileReference; lastKnownFileType = file.storyboard; name = Base; path = Base.lproj/LaunchScreen.storyboard; sourceTree = "<group>"; };
		9D019F331F2AD7FF00D21EDB /* Info.plist */ = {isa = PBXFileReference; lastKnownFileType = text.plist.xml; path = Info.plist; sourceTree = "<group>"; };
		9D019F391F2AD9A700D21EDB /* SecondViewController.swift */ = {isa = PBXFileReference; fileEncoding = 4; lastKnownFileType = sourcecode.swift; path = SecondViewController.swift; sourceTree = "<group>"; };
		9D019F3B1F2ADF0200D21EDB /* README.md */ = {isa = PBXFileReference; fileEncoding = 4; lastKnownFileType = net.daringfireball.markdown; path = README.md; sourceTree = "<group>"; };
/* End PBXFileReference section */

/* Begin PBXFrameworksBuildPhase section */
		9D019F211F2AD7FF00D21EDB /* Frameworks */ = {
			isa = PBXFrameworksBuildPhase;
			buildActionMask = 2147483647;
			files = (
			);
			runOnlyForDeploymentPostprocessing = 0;
		};
/* End PBXFrameworksBuildPhase section */

/* Begin PBXGroup section */
		9D019F1B1F2AD7FF00D21EDB = {
			isa = PBXGroup;
			children = (
				9D019F3B1F2ADF0200D21EDB /* README.md */,
				9D019F261F2AD7FF00D21EDB /* MultiScreen */,
				9D019F251F2AD7FF00D21EDB /* Products */,
			);
			sourceTree = "<group>";
		};
		9D019F251F2AD7FF00D21EDB /* Products */ = {
			isa = PBXGroup;
			children = (
				9D019F241F2AD7FF00D21EDB /* MultiScreen.app */,
			);
			name = Products;
			sourceTree = "<group>";
		};
		9D019F261F2AD7FF00D21EDB /* MultiScreen */ = {
			isa = PBXGroup;
			children = (
				9D019F271F2AD7FF00D21EDB /* AppDelegate.swift */,
				9D019F291F2AD7FF00D21EDB /* ViewController.swift */,
				9D019F2B1F2AD7FF00D21EDB /* Main.storyboard */,
				9D019F391F2AD9A700D21EDB /* SecondViewController.swift */,
				9D019F2E1F2AD7FF00D21EDB /* Assets.xcassets */,
				9D019F301F2AD7FF00D21EDB /* LaunchScreen.storyboard */,
				9D019F331F2AD7FF00D21EDB /* Info.plist */,
			);
			path = MultiScreen;
			sourceTree = "<group>";
		};
/* End PBXGroup section */

/* Begin PBXNativeTarget section */
		9D019F231F2AD7FF00D21EDB /* MultiScreen */ = {
			isa = PBXNativeTarget;
			buildConfigurationList = 9D019F361F2AD7FF00D21EDB /* Build configuration list for PBXNativeTarget "MultiScreen" */;
			buildPhases = (
				9D019F201F2AD7FF00D21EDB /* Sources */,
				9D019F211F2AD7FF00D21EDB /* Frameworks */,
				9D019F221F2AD7FF00D21EDB /* Resources */,
			);
			buildRules = (
			);
			dependencies = (
			);
			name = MultiScreen;
			productName = MultiScreen;
			productReference = 9D019F241F2AD7FF00D21EDB /* MultiScreen.app */;
			productType = "com.apple.product-type.application";
		};
/* End PBXNativeTarget section */

/* Begin PBXProject section */
		9D019F1C1F2AD7FF00D21EDB /* Project object */ = {
			isa = PBXProject;
			attributes = {
				LastSwiftUpdateCheck = 0830;
				LastUpgradeCheck = 0830;
				ORGANIZATIONNAME = PKRU09;
				TargetAttributes = {
					9D019F231F2AD7FF00D21EDB = {
						CreatedOnToolsVersion = 8.3.3;
						ProvisioningStyle = Automatic;
					};
				};
			};
			buildConfigurationList = 9D019F1F1F2AD7FF00D21EDB /* Build configuration list for PBXProject "MultiScreen" */;
			compatibilityVersion = "Xcode 3.2";
			developmentRegion = English;
			hasScannedForEncodings = 0;
			knownRegions = (
				en,
				Base,
			);
			mainGroup = 9D019F1B1F2AD7FF00D21EDB;
			productRefGroup = 9D019F251F2AD7FF00D21EDB /* Products */;
			projectDirPath = "";
			projectRoot = "";
			targets = (
				9D019F231F2AD7FF00D21EDB /* MultiScreen */,
			);
		};
/* End PBXProject section */

/* Begin PBXResourcesBuildPhase section */
		9D019F221F2AD7FF00D21EDB /* Resources */ = {
			isa = PBXResourcesBuildPhase;
			buildActionMask = 2147483647;
			files = (
				9D019F321F2AD7FF00D21EDB /* LaunchScreen.storyboard in Resources */,
				9D019F2F1F2AD7FF00D21EDB /* Assets.xcassets in Resources */,
				9D019F2D1F2AD7FF00D21EDB /* Main.storyboard in Resources */,
			);
			runOnlyForDeploymentPostprocessing = 0;
		};
/* End PBXResourcesBuildPhase section */

/* Begin PBXSourcesBuildPhase section */
		9D019F201F2AD7FF00D21EDB /* Sources */ = {
			isa = PBXSourcesBuildPhase;
			buildActionMask = 2147483647;
			files = (
				9D019F3A1F2AD9A700D21EDB /* SecondViewController.swift in Sources */,
				9D019F2A1F2AD7FF00D21EDB /* ViewController.swift in Sources */,
				9D019F3C1F2ADF0200D21EDB /* README.md in Sources */,
				9D019F281F2AD7FF00D21EDB /* AppDelegate.swift in Sources */,
			);
			runOnlyForDeploymentPostprocessing = 0;
		};
/* End PBXSourcesBuildPhase section */

/* Begin PBXVariantGroup section */
		9D019F2B1F2AD7FF00D21EDB /* Main.storyboard */ = {
			isa = PBXVariantGroup;
			children = (
				9D019F2C1F2AD7FF00D21EDB /* Base */,
			);
			name = Main.storyboard;
			sourceTree = "<group>";
		};
		9D019F301F2AD7FF00D21EDB /* LaunchScreen.storyboard */ = {
			isa = PBXVariantGroup;
			children = (
				9D019F311F2AD7FF00D21EDB /* Base */,
			);
			name = LaunchScreen.storyboard;
			sourceTree = "<group>";
		};
/* End PBXVariantGroup section */

/* Begin XCBuildConfiguration section */
		9D019F341F2AD7FF00D21EDB /* Debug */ = {
			isa = XCBuildConfiguration;
			buildSettings = {
				ALWAYS_SEARCH_USER_PATHS = NO;
				CLANG_ANALYZER_NONNULL = YES;
				CLANG_ANALYZER_NUMBER_OBJECT_CONVERSION = YES_AGGRESSIVE;
				CLANG_CXX_LANGUAGE_STANDARD = "gnu++0x";
				CLANG_CXX_LIBRARY = "libc++";
				CLANG_ENABLE_MODULES = YES;
				CLANG_ENABLE_OBJC_ARC = YES;
				CLANG_WARN_BOOL_CONVERSION = YES;
				CLANG_WARN_CONSTANT_CONVERSION = YES;
				CLANG_WARN_DIRECT_OBJC_ISA_USAGE = YES_ERROR;
				CLANG_WARN_DOCUMENTATION_COMMENTS = YES;
				CLANG_WARN_EMPTY_BODY = YES;
				CLANG_WARN_ENUM_CONVERSION = YES;
				CLANG_WARN_INFINITE_RECURSION = YES;
				CLANG_WARN_INT_CONVERSION = YES;
				CLANG_WARN_OBJC_ROOT_CLASS = YES_ERROR;
				CLANG_WARN_SUSPICIOUS_MOVE = YES;
				CLANG_WARN_UNREACHABLE_CODE = YES;
				CLANG_WARN__DUPLICATE_METHOD_MATCH = YES;
				"CODE_SIGN_IDENTITY[sdk=iphoneos*]" = "iPhone Developer";
				COPY_PHASE_STRIP = NO;
				DEBUG_INFORMATION_FORMAT = dwarf;
				ENABLE_STRICT_OBJC_MSGSEND = YES;
				ENABLE_TESTABILITY = YES;
				GCC_C_LANGUAGE_STANDARD = gnu99;
				GCC_DYNAMIC_NO_PIC = NO;
				GCC_NO_COMMON_BLOCKS = YES;
				GCC_OPTIMIZATION_LEVEL = 0;
				GCC_PREPROCESSOR_DEFINITIONS = (
					"DEBUG=1",
					"$(inherited)",
				);
				GCC_WARN_64_TO_32_BIT_CONVERSION = YES;
				GCC_WARN_ABOUT_RETURN_TYPE = YES_ERROR;
				GCC_WARN_UNDECLARED_SELECTOR = YES;
				GCC_WARN_UNINITIALIZED_AUTOS = YES_AGGRESSIVE;
				GCC_WARN_UNUSED_FUNCTION = YES;
				GCC_WARN_UNUSED_VARIABLE = YES;
				IPHONEOS_DEPLOYMENT_TARGET = 10.3;
				MTL_ENABLE_DEBUG_INFO = YES;
				ONLY_ACTIVE_ARCH = YES;
				SDKROOT = iphoneos;
				SWIFT_ACTIVE_COMPILATION_CONDITIONS = DEBUG;
				SWIFT_OPTIMIZATION_LEVEL = "-Onone";
				TARGETED_DEVICE_FAMILY = "1,2";
			};
			name = Debug;
		};
		9D019F351F2AD7FF00D21EDB /* Release */ = {
			isa = XCBuildConfiguration;
			buildSettings = {
				ALWAYS_SEARCH_USER_PATHS = NO;
				CLANG_ANALYZER_NONNULL = YES;
				CLANG_ANALYZER_NUMBER_OBJECT_CONVERSION = YES_AGGRESSIVE;
				CLANG_CXX_LANGUAGE_STANDARD = "gnu++0x";
				CLANG_CXX_LIBRARY = "libc++";
				CLANG_ENABLE_MODULES = YES;
				CLANG_ENABLE_OBJC_ARC = YES;
				CLANG_WARN_BOOL_CONVERSION = YES;
				CLANG_WARN_CONSTANT_CONVERSION = YES;
				CLANG_WARN_DIRECT_OBJC_ISA_USAGE = YES_ERROR;
				CLANG_WARN_DOCUMENTATION_COMMENTS = YES;
				CLANG_WARN_EMPTY_BODY = YES;
				CLANG_WARN_ENUM_CONVERSION = YES;
				CLANG_WARN_INFINITE_RECURSION = YES;
				CLANG_WARN_INT_CONVERSION = YES;
				CLANG_WARN_OBJC_ROOT_CLASS = YES_ERROR;
				CLANG_WARN_SUSPICIOUS_MOVE = YES;
				CLANG_WARN_UNREACHABLE_CODE = YES;
				CLANG_WARN__DUPLICATE_METHOD_MATCH = YES;
				"CODE_SIGN_IDENTITY[sdk=iphoneos*]" = "iPhone Developer";
				COPY_PHASE_STRIP = NO;
				DEBUG_INFORMATION_FORMAT = "dwarf-with-dsym";
				ENABLE_NS_ASSERTIONS = NO;
				ENABLE_STRICT_OBJC_MSGSEND = YES;
				GCC_C_LANGUAGE_STANDARD = gnu99;
				GCC_NO_COMMON_BLOCKS = YES;
				GCC_WARN_64_TO_32_BIT_CONVERSION = YES;
				GCC_WARN_ABOUT_RETURN_TYPE = YES_ERROR;
				GCC_WARN_UNDECLARED_SELECTOR = YES;
				GCC_WARN_UNINITIALIZED_AUTOS = YES_AGGRESSIVE;
				GCC_WARN_UNUSED_FUNCTION = YES;
				GCC_WARN_UNUSED_VARIABLE = YES;
				IPHONEOS_DEPLOYMENT_TARGET = 10.3;
				MTL_ENABLE_DEBUG_INFO = NO;
				SDKROOT = iphoneos;
				SWIFT_OPTIMIZATION_LEVEL = "-Owholemodule";
				TARGETED_DEVICE_FAMILY = "1,2";
				VALIDATE_PRODUCT = YES;
			};
			name = Release;
		};
		9D019F371F2AD7FF00D21EDB /* Debug */ = {
			isa = XCBuildConfiguration;
			buildSettings = {
				ASSETCATALOG_COMPILER_APPICON_NAME = AppIcon;
				INFOPLIST_FILE = MultiScreen/Info.plist;
				LD_RUNPATH_SEARCH_PATHS = "$(inherited) @executable_path/Frameworks";
				PRODUCT_BUNDLE_IDENTIFIER = App.pkru.Peem.MultiScreen;
				PRODUCT_NAME = "$(TARGET_NAME)";
				SWIFT_VERSION = 3.0;
			};
			name = Debug;
		};
		9D019F381F2AD7FF00D21EDB /* Release */ = {
			isa = XCBuildConfiguration;
			buildSettings = {
				ASSETCATALOG_COMPILER_APPICON_NAME = AppIcon;
				INFOPLIST_FILE = MultiScreen/Info.plist;
				LD_RUNPATH_SEARCH_PATHS = "$(inherited) @executable_path/Frameworks";
				PRODUCT_BUNDLE_IDENTIFIER = App.pkru.Peem.MultiScreen;
				PRODUCT_NAME = "$(TARGET_NAME)";
				SWIFT_VERSION = 3.0;
			};
			name = Release;
		};
/* End XCBuildConfiguration section */

/* Begin XCConfigurationList section */
		9D019F1F1F2AD7FF00D21EDB /* Build configuration list for PBXProject "MultiScreen" */ = {
			isa = XCConfigurationList;
			buildConfigurations = (
				9D019F341F2AD7FF00D21EDB /* Debug */,
				9D019F351F2AD7FF00D21EDB /* Release */,
			);
			defaultConfigurationIsVisible = 0;
			defaultConfigurationName = Release;
		};
		9D019F361F2AD7FF00D21EDB /* Build configuration list for PBXNativeTarget "MultiScreen" */ = {
			isa = XCConfigurationList;
			buildConfigurations = (
				9D019F371F2AD7FF00D21EDB /* Debug */,
				9D019F381F2AD7FF00D21EDB /* Release */,
			);
			defaultConfigurationIsVisible = 0;
		};
/* End XCConfigurationList section */
	};
	rootObject = 9D019F1C1F2AD7FF00D21EDB /* Project object */;
}
